
Microsoft Visual Studio Solution File, Format Version 12.00
# Visual Studio Version 17
VisualStudioVersion = 17.5.33424.131
MinimumVisualStudioVersion = 10.0.40219.1
Project("{9A19103F-16F7-4668-BE54-9A1E7A4F7556}") = "Producer01", "Producer01\Producer01.csproj", "{4B6E289F-EF41-4148-8E53-1D3374E17521}"
EndProject
Project("{2150E333-8FDC-42A3-9474-1A3956D46DE8}") = "Example01", "Example01", "{3ED335D8-12A6-400C-8F07-6EFCF77B4EA2}"
EndProject
Project("{9A19103F-16F7-4668-BE54-9A1E7A4F7556}") = "Consumer01", "Consumer01\Consumer01.csproj", "{BFB29730-070D-4A5C-908D-42146E1485DE}"
EndProject
Project("{2150E333-8FDC-42A3-9474-1A3956D46DE8}") = "Example03", "Example03", "{46A99E0D-192D-4155-B439-AFE60620D387}"
EndProject
Project("{9A19103F-16F7-4668-BE54-9A1E7A4F7556}") = "Producer03", "Producer03\Producer03.csproj", "{B1460B0F-A2AF-4167-AA43-E965B3325214}"
EndProject
Project("{9A19103F-16F7-4668-BE54-9A1E7A4F7556}") = "Consumer03", "Consumer03\Consumer03.csproj", "{B3F2CA03-209F-41AD-B8AB-6FA88918F0B7}"
EndProject
Project("{2150E333-8FDC-42A3-9474-1A3956D46DE8}") = "Shared", "Shared", "{231E14CF-6F32-4FE1-A361-257D9EB70A30}"
EndProject
Project("{9A19103F-16F7-4668-BE54-9A1E7A4F7556}") = "Common", "Common\Common.csproj", "{6B2CDE6E-229B-4D62-BB92-38E268F845E4}"
EndProject
Project("{2150E333-8FDC-42A3-9474-1A3956D46DE8}") = ".Solution Items", ".Solution Items", "{609BB3DD-A60F-46CA-8D09-BB89BA1E1AE0}"
	ProjectSection(SolutionItems) = preProject
		README.md = README.md
	EndProjectSection
EndProject
Global
	GlobalSection(SolutionConfigurationPlatforms) = preSolution
		Debug|Any CPU = Debug|Any CPU
		Release|Any CPU = Release|Any CPU
	EndGlobalSection
	GlobalSection(ProjectConfigurationPlatforms) = postSolution
		{4B6E289F-EF41-4148-8E53-1D3374E17521}.Debug|Any CPU.ActiveCfg = Debug|Any CPU
		{4B6E289F-EF41-4148-8E53-1D3374E17521}.Debug|Any CPU.Build.0 = Debug|Any CPU
		{4B6E289F-EF41-4148-8E53-1D3374E17521}.Release|Any CPU.ActiveCfg = Release|Any CPU
		{4B6E289F-EF41-4148-8E53-1D3374E17521}.Release|Any CPU.Build.0 = Release|Any CPU
		{BFB29730-070D-4A5C-908D-42146E1485DE}.Debug|Any CPU.ActiveCfg = Debug|Any CPU
		{BFB29730-070D-4A5C-908D-42146E1485DE}.Debug|Any CPU.Build.0 = Debug|Any CPU
		{BFB29730-070D-4A5C-908D-42146E1485DE}.Release|Any CPU.ActiveCfg = Release|Any CPU
		{BFB29730-070D-4A5C-908D-42146E1485DE}.Release|Any CPU.Build.0 = Release|Any CPU
		{B1460B0F-A2AF-4167-AA43-E965B3325214}.Debug|Any CPU.ActiveCfg = Debug|Any CPU
		{B1460B0F-A2AF-4167-AA43-E965B3325214}.Debug|Any CPU.Build.0 = Debug|Any CPU
		{B1460B0F-A2AF-4167-AA43-E965B3325214}.Release|Any CPU.ActiveCfg = Release|Any CPU
		{B1460B0F-A2AF-4167-AA43-E965B3325214}.Release|Any CPU.Build.0 = Release|Any CPU
		{B3F2CA03-209F-41AD-B8AB-6FA88918F0B7}.Debug|Any CPU.ActiveCfg = Debug|Any CPU
		{B3F2CA03-209F-41AD-B8AB-6FA88918F0B7}.Debug|Any CPU.Build.0 = Debug|Any CPU
		{B3F2CA03-209F-41AD-B8AB-6FA88918F0B7}.Release|Any CPU.ActiveCfg = Release|Any CPU
		{B3F2CA03-209F-41AD-B8AB-6FA88918F0B7}.Release|Any CPU.Build.0 = Release|Any CPU
		{6B2CDE6E-229B-4D62-BB92-38E268F845E4}.Debug|Any CPU.ActiveCfg = Debug|Any CPU
		{6B2CDE6E-229B-4D62-BB92-38E268F845E4}.Debug|Any CPU.Build.0 = Debug|Any CPU
		{6B2CDE6E-229B-4D62-BB92-38E268F845E4}.Release|Any CPU.ActiveCfg = Release|Any CPU
		{6B2CDE6E-229B-4D62-BB92-38E268F845E4}.Release|Any CPU.Build.0 = Release|Any CPU
	EndGlobalSection
	GlobalSection(SolutionProperties) = preSolution
		HideSolutionNode = FALSE
	EndGlobalSection
	GlobalSection(NestedProjects) = preSolution
		{4B6E289F-EF41-4148-8E53-1D3374E17521} = {3ED335D8-12A6-400C-8F07-6EFCF77B4EA2}
		{BFB29730-070D-4A5C-908D-42146E1485DE} = {3ED335D8-12A6-400C-8F07-6EFCF77B4EA2}
		{B1460B0F-A2AF-4167-AA43-E965B3325214} = {46A99E0D-192D-4155-B439-AFE60620D387}
		{B3F2CA03-209F-41AD-B8AB-6FA88918F0B7} = {46A99E0D-192D-4155-B439-AFE60620D387}
		{6B2CDE6E-229B-4D62-BB92-38E268F845E4} = {231E14CF-6F32-4FE1-A361-257D9EB70A30}
	EndGlobalSection
	GlobalSection(ExtensibilityGlobals) = postSolution
		SolutionGuid = {2A261B6D-4534-41C4-A3A0-BCC195034D63}
	EndGlobalSection
EndGlobal
